
Microsoft Visual Studio Solution File, Format Version 12.00
# Visual Studio Version 17
VisualStudioVersion = 17.9.34723.18
MinimumVisualStudioVersion = 10.0.40219.1
Project("{2150E333-8FDC-42A3-9474-1A3956D46DE8}") = "Services", "Services", "{A611CD44-7F32-4D2F-9E39-291674EC6EBB}"
EndProject
Project("{2150E333-8FDC-42A3-9474-1A3956D46DE8}") = "Catalog", "Catalog", "{7B0DAEC6-1D1C-444E-96F8-8DD8F7BF1351}"
EndProject
Project("{9A19103F-16F7-4668-BE54-9A1E7A4F7556}") = "Catalog.API", "Services\Catalog\Catalog.API\Catalog.API.csproj", "{C2D7B9DC-C3A8-44AD-8DCD-A92B29D0DA5B}"
EndProject
Project("{2150E333-8FDC-42A3-9474-1A3956D46DE8}") = "BuildingBlocks", "BuildingBlocks", "{49F8E6B0-B127-4F30-8430-7896803E290D}"
EndProject
Project("{9A19103F-16F7-4668-BE54-9A1E7A4F7556}") = "BuildingBlocks", "BuildingBlocks\BuildingBlocks\BuildingBlocks.csproj", "{4AF82F37-505A-43D2-B25C-79186088F800}"
EndProject
Project("{2150E333-8FDC-42A3-9474-1A3956D46DE8}") = "Solution Items", "Solution Items", "{7B55961A-D918-4FFB-8413-2FD2B6316999}"
EndProject
Project("{2150E333-8FDC-42A3-9474-1A3956D46DE8}") = "Basket", "Basket", "{BD6D9148-F6A7-4A48-81D2-54A66C6D6F54}"
EndProject
Project("{9A19103F-16F7-4668-BE54-9A1E7A4F7556}") = "Basket.API", "Services\Basket\Basket.API\Basket.API.csproj", "{271E4007-5BE1-401B-8AE4-07F58C103C62}"
EndProject
Project("{E53339B2-1760-4266-BCC7-CA923CBCF16C}") = "docker-compose", "docker-compose.dcproj", "{C020B69E-278A-436E-B453-F0DE94548EA4}"
EndProject
Project("{2150E333-8FDC-42A3-9474-1A3956D46DE8}") = "Discount", "Discount", "{FA12841B-CC0F-442D-B7EB-6C9ECED420C6}"
EndProject
Project("{9A19103F-16F7-4668-BE54-9A1E7A4F7556}") = "Discount.Grpc", "Services\Discount\Discount.Grpc\Discount.Grpc.csproj", "{2634C246-4E5B-4044-BAAC-4D6E4E55FE22}"
EndProject
Project("{2150E333-8FDC-42A3-9474-1A3956D46DE8}") = "Ordering", "Ordering", "{C35916A0-FCD0-4029-A706-4E74423CD66A}"
EndProject
Project("{9A19103F-16F7-4668-BE54-9A1E7A4F7556}") = "Ordering.API", "Services\Ordering\Ordering.API\Ordering.API.csproj", "{104D056C-9052-4263-B6E9-2057696009AD}"
EndProject
Project("{FAE04EC0-301F-11D3-BF4B-00C04F79EFBC}") = "Ordering.Domain", "Services\Ordering\Ordering.Domain\Ordering.Domain.csproj", "{819FEDAB-9F5E-48D0-BAB8-8D1CAD3334EC}"
EndProject
Project("{FAE04EC0-301F-11D3-BF4B-00C04F79EFBC}") = "Ordering.Application", "Services\Ordering\Ordering.Application\Ordering.Application.csproj", "{807926E5-8AF8-48C7-8518-342A0FF75877}"
EndProject
Project("{FAE04EC0-301F-11D3-BF4B-00C04F79EFBC}") = "Ordering.Infrastructure", "Services\Ordering\Ordering.Infrastructure\Ordering.Infrastructure.csproj", "{D1281A4A-8770-427B-AC8C-0234D326F4AD}"
EndProject
Global
	GlobalSection(SolutionConfigurationPlatforms) = preSolution
		Debug|Any CPU = Debug|Any CPU
		Release|Any CPU = Release|Any CPU
	EndGlobalSection
	GlobalSection(ProjectConfigurationPlatforms) = postSolution
		{C2D7B9DC-C3A8-44AD-8DCD-A92B29D0DA5B}.Debug|Any CPU.ActiveCfg = Debug|Any CPU
		{C2D7B9DC-C3A8-44AD-8DCD-A92B29D0DA5B}.Debug|Any CPU.Build.0 = Debug|Any CPU
		{C2D7B9DC-C3A8-44AD-8DCD-A92B29D0DA5B}.Release|Any CPU.ActiveCfg = Release|Any CPU
		{C2D7B9DC-C3A8-44AD-8DCD-A92B29D0DA5B}.Release|Any CPU.Build.0 = Release|Any CPU
		{4AF82F37-505A-43D2-B25C-79186088F800}.Debug|Any CPU.ActiveCfg = Debug|Any CPU
		{4AF82F37-505A-43D2-B25C-79186088F800}.Debug|Any CPU.Build.0 = Debug|Any CPU
		{4AF82F37-505A-43D2-B25C-79186088F800}.Release|Any CPU.ActiveCfg = Release|Any CPU
		{4AF82F37-505A-43D2-B25C-79186088F800}.Release|Any CPU.Build.0 = Release|Any CPU
		{271E4007-5BE1-401B-8AE4-07F58C103C62}.Debug|Any CPU.ActiveCfg = Debug|Any CPU
		{271E4007-5BE1-401B-8AE4-07F58C103C62}.Debug|Any CPU.Build.0 = Debug|Any CPU
		{271E4007-5BE1-401B-8AE4-07F58C103C62}.Release|Any CPU.ActiveCfg = Release|Any CPU
		{271E4007-5BE1-401B-8AE4-07F58C103C62}.Release|Any CPU.Build.0 = Release|Any CPU
		{C020B69E-278A-436E-B453-F0DE94548EA4}.Debug|Any CPU.ActiveCfg = Debug|Any CPU
		{C020B69E-278A-436E-B453-F0DE94548EA4}.Debug|Any CPU.Build.0 = Debug|Any CPU
		{C020B69E-278A-436E-B453-F0DE94548EA4}.Release|Any CPU.ActiveCfg = Release|Any CPU
		{C020B69E-278A-436E-B453-F0DE94548EA4}.Release|Any CPU.Build.0 = Release|Any CPU
		{2634C246-4E5B-4044-BAAC-4D6E4E55FE22}.Debug|Any CPU.ActiveCfg = Debug|Any CPU
		{2634C246-4E5B-4044-BAAC-4D6E4E55FE22}.Debug|Any CPU.Build.0 = Debug|Any CPU
		{2634C246-4E5B-4044-BAAC-4D6E4E55FE22}.Release|Any CPU.ActiveCfg = Release|Any CPU
		{2634C246-4E5B-4044-BAAC-4D6E4E55FE22}.Release|Any CPU.Build.0 = Release|Any CPU
		{104D056C-9052-4263-B6E9-2057696009AD}.Debug|Any CPU.ActiveCfg = Debug|Any CPU
		{104D056C-9052-4263-B6E9-2057696009AD}.Debug|Any CPU.Build.0 = Debug|Any CPU
		{104D056C-9052-4263-B6E9-2057696009AD}.Release|Any CPU.ActiveCfg = Release|Any CPU
		{104D056C-9052-4263-B6E9-2057696009AD}.Release|Any CPU.Build.0 = Release|Any CPU
		{819FEDAB-9F5E-48D0-BAB8-8D1CAD3334EC}.Debug|Any CPU.ActiveCfg = Debug|Any CPU
		{819FEDAB-9F5E-48D0-BAB8-8D1CAD3334EC}.Debug|Any CPU.Build.0 = Debug|Any CPU
		{819FEDAB-9F5E-48D0-BAB8-8D1CAD3334EC}.Release|Any CPU.ActiveCfg = Release|Any CPU
		{819FEDAB-9F5E-48D0-BAB8-8D1CAD3334EC}.Release|Any CPU.Build.0 = Release|Any CPU
		{807926E5-8AF8-48C7-8518-342A0FF75877}.Debug|Any CPU.ActiveCfg = Debug|Any CPU
		{807926E5-8AF8-48C7-8518-342A0FF75877}.Debug|Any CPU.Build.0 = Debug|Any CPU
		{807926E5-8AF8-48C7-8518-342A0FF75877}.Release|Any CPU.ActiveCfg = Release|Any CPU
		{807926E5-8AF8-48C7-8518-342A0FF75877}.Release|Any CPU.Build.0 = Release|Any CPU
		{D1281A4A-8770-427B-AC8C-0234D326F4AD}.Debug|Any CPU.ActiveCfg = Debug|Any CPU
		{D1281A4A-8770-427B-AC8C-0234D326F4AD}.Debug|Any CPU.Build.0 = Debug|Any CPU
		{D1281A4A-8770-427B-AC8C-0234D326F4AD}.Release|Any CPU.ActiveCfg = Release|Any CPU
		{D1281A4A-8770-427B-AC8C-0234D326F4AD}.Release|Any CPU.Build.0 = Release|Any CPU
	EndGlobalSection
	GlobalSection(SolutionProperties) = preSolution
		HideSolutionNode = FALSE
	EndGlobalSection
	GlobalSection(NestedProjects) = preSolution
		{7B0DAEC6-1D1C-444E-96F8-8DD8F7BF1351} = {A611CD44-7F32-4D2F-9E39-291674EC6EBB}
		{C2D7B9DC-C3A8-44AD-8DCD-A92B29D0DA5B} = {7B0DAEC6-1D1C-444E-96F8-8DD8F7BF1351}
		{4AF82F37-505A-43D2-B25C-79186088F800} = {49F8E6B0-B127-4F30-8430-7896803E290D}
		{BD6D9148-F6A7-4A48-81D2-54A66C6D6F54} = {A611CD44-7F32-4D2F-9E39-291674EC6EBB}
		{271E4007-5BE1-401B-8AE4-07F58C103C62} = {BD6D9148-F6A7-4A48-81D2-54A66C6D6F54}
		{FA12841B-CC0F-442D-B7EB-6C9ECED420C6} = {A611CD44-7F32-4D2F-9E39-291674EC6EBB}
		{2634C246-4E5B-4044-BAAC-4D6E4E55FE22} = {FA12841B-CC0F-442D-B7EB-6C9ECED420C6}
		{C35916A0-FCD0-4029-A706-4E74423CD66A} = {A611CD44-7F32-4D2F-9E39-291674EC6EBB}
		{104D056C-9052-4263-B6E9-2057696009AD} = {C35916A0-FCD0-4029-A706-4E74423CD66A}
		{819FEDAB-9F5E-48D0-BAB8-8D1CAD3334EC} = {C35916A0-FCD0-4029-A706-4E74423CD66A}
		{807926E5-8AF8-48C7-8518-342A0FF75877} = {C35916A0-FCD0-4029-A706-4E74423CD66A}
		{D1281A4A-8770-427B-AC8C-0234D326F4AD} = {C35916A0-FCD0-4029-A706-4E74423CD66A}
	EndGlobalSection
	GlobalSection(ExtensibilityGlobals) = postSolution
		SolutionGuid = {A13FC868-6DD9-4F70-82B8-54D847700D16}
	EndGlobalSection
EndGlobal
