
Microsoft Visual Studio Solution File, Format Version 12.00
# Visual Studio Version 17
VisualStudioVersion = 17.9.34723.18
MinimumVisualStudioVersion = 10.0.40219.1
Project("{2150E333-8FDC-42A3-9474-1A3956D46DE8}") = "Services", "Services", "{A611CD44-7F32-4D2F-9E39-291674EC6EBB}"
EndProject
Project("{2150E333-8FDC-42A3-9474-1A3956D46DE8}") = "Catalog", "Catalog", "{7B0DAEC6-1D1C-444E-96F8-8DD8F7BF1351}"
EndProject
Project("{FAE04EC0-301F-11D3-BF4B-00C04F79EFBC}") = "Catalog.API", "Catalog.API\Catalog.API.csproj", "{C2D7B9DC-C3A8-44AD-8DCD-A92B29D0DA5B}"
EndProject
Global
	GlobalSection(SolutionConfigurationPlatforms) = preSolution
		Debug|Any CPU = Debug|Any CPU
		Release|Any CPU = Release|Any CPU
	EndGlobalSection
	GlobalSection(ProjectConfigurationPlatforms) = postSolution
		{C2D7B9DC-C3A8-44AD-8DCD-A92B29D0DA5B}.Debug|Any CPU.ActiveCfg = Debug|Any CPU
		{C2D7B9DC-C3A8-44AD-8DCD-A92B29D0DA5B}.Debug|Any CPU.Build.0 = Debug|Any CPU
		{C2D7B9DC-C3A8-44AD-8DCD-A92B29D0DA5B}.Release|Any CPU.ActiveCfg = Release|Any CPU
		{C2D7B9DC-C3A8-44AD-8DCD-A92B29D0DA5B}.Release|Any CPU.Build.0 = Release|Any CPU
	EndGlobalSection
	GlobalSection(SolutionProperties) = preSolution
		HideSolutionNode = FALSE
	EndGlobalSection
	GlobalSection(NestedProjects) = preSolution
		{7B0DAEC6-1D1C-444E-96F8-8DD8F7BF1351} = {A611CD44-7F32-4D2F-9E39-291674EC6EBB}
		{C2D7B9DC-C3A8-44AD-8DCD-A92B29D0DA5B} = {7B0DAEC6-1D1C-444E-96F8-8DD8F7BF1351}
	EndGlobalSection
	GlobalSection(ExtensibilityGlobals) = postSolution
		SolutionGuid = {A13FC868-6DD9-4F70-82B8-54D847700D16}
	EndGlobalSection
EndGlobal
